
Microsoft Visual Studio Solution File, Format Version 12.00
# Visual Studio 15
VisualStudioVersion = 15.0.28010.2046
MinimumVisualStudioVersion = 10.0.40219.1
Project("{FAE04EC0-301F-11D3-BF4B-00C04F79EFBC}") = "SolverGasSensorCmd", "SolverGasSensorCmd\SolverGasSensorCmd.csproj", "{838992BB-1B4E-4870-B147-448B04DBBC16}"
EndProject
Global
	GlobalSection(SolutionConfigurationPlatforms) = preSolution
		Debug|Any CPU = Debug|Any CPU
		Release|Any CPU = Release|Any CPU
	EndGlobalSection
	GlobalSection(ProjectConfigurationPlatforms) = postSolution
		{838992BB-1B4E-4870-B147-448B04DBBC16}.Debug|Any CPU.ActiveCfg = Debug|Any CPU
		{838992BB-1B4E-4870-B147-448B04DBBC16}.Debug|Any CPU.Build.0 = Debug|Any CPU
		{838992BB-1B4E-4870-B147-448B04DBBC16}.Release|Any CPU.ActiveCfg = Release|Any CPU
		{838992BB-1B4E-4870-B147-448B04DBBC16}.Release|Any CPU.Build.0 = Release|Any CPU
	EndGlobalSection
	GlobalSection(SolutionProperties) = preSolution
		HideSolutionNode = FALSE
	EndGlobalSection
	GlobalSection(ExtensibilityGlobals) = postSolution
		SolutionGuid = {6836C770-EE07-4C55-8BAC-B702D4AA2F47}
	EndGlobalSection
EndGlobal
